
Microsoft Visual Studio Solution File, Format Version 12.00
# Visual Studio Version 17
VisualStudioVersion = 17.3.32922.545
MinimumVisualStudioVersion = 10.0.40219.1
Project("{FAE04EC0-301F-11D3-BF4B-00C04F79EFBC}") = "arayüz1", "arayüz1\arayüz1.csproj", "{1ECBAA25-A69D-4952-961A-919A87066970}"
EndProject
Global
	GlobalSection(SolutionConfigurationPlatforms) = preSolution
		Debug|Any CPU = Debug|Any CPU
		Release|Any CPU = Release|Any CPU
	EndGlobalSection
	GlobalSection(ProjectConfigurationPlatforms) = postSolution
		{1ECBAA25-A69D-4952-961A-919A87066970}.Debug|Any CPU.ActiveCfg = Debug|Any CPU
		{1ECBAA25-A69D-4952-961A-919A87066970}.Debug|Any CPU.Build.0 = Debug|Any CPU
		{1ECBAA25-A69D-4952-961A-919A87066970}.Release|Any CPU.ActiveCfg = Release|Any CPU
		{1ECBAA25-A69D-4952-961A-919A87066970}.Release|Any CPU.Build.0 = Release|Any CPU
	EndGlobalSection
	GlobalSection(SolutionProperties) = preSolution
		HideSolutionNode = FALSE
	EndGlobalSection
	GlobalSection(ExtensibilityGlobals) = postSolution
		SolutionGuid = {C1949ABF-ADCB-42A1-8EFD-4CF1DDC7E190}
	EndGlobalSection
EndGlobal
