
Microsoft Visual Studio Solution File, Format Version 12.00
# Visual Studio Version 17
VisualStudioVersion = 17.3.32922.545
MinimumVisualStudioVersion = 10.0.40219.1
Project("{FAE04EC0-301F-11D3-BF4B-00C04F79EFBC}") = "Operator1", "Operator1\Operator1.csproj", "{BE46A6F5-4CF5-437E-A0C4-0DEB938576C2}"
EndProject
Global
	GlobalSection(SolutionConfigurationPlatforms) = preSolution
		Debug|Any CPU = Debug|Any CPU
		Release|Any CPU = Release|Any CPU
	EndGlobalSection
	GlobalSection(ProjectConfigurationPlatforms) = postSolution
		{BE46A6F5-4CF5-437E-A0C4-0DEB938576C2}.Debug|Any CPU.ActiveCfg = Debug|Any CPU
		{BE46A6F5-4CF5-437E-A0C4-0DEB938576C2}.Debug|Any CPU.Build.0 = Debug|Any CPU
		{BE46A6F5-4CF5-437E-A0C4-0DEB938576C2}.Release|Any CPU.ActiveCfg = Release|Any CPU
		{BE46A6F5-4CF5-437E-A0C4-0DEB938576C2}.Release|Any CPU.Build.0 = Release|Any CPU
	EndGlobalSection
	GlobalSection(SolutionProperties) = preSolution
		HideSolutionNode = FALSE
	EndGlobalSection
	GlobalSection(ExtensibilityGlobals) = postSolution
		SolutionGuid = {A9F140EC-FAC4-49FA-A380-0F23F12271E8}
	EndGlobalSection
EndGlobal
