
Microsoft Visual Studio Solution File, Format Version 12.00
# Visual Studio Version 17
VisualStudioVersion = 17.3.32922.545
MinimumVisualStudioVersion = 10.0.40219.1
Project("{FAE04EC0-301F-11D3-BF4B-00C04F79EFBC}") = "indeksleyici", "indeksleyici\indeksleyici.csproj", "{C33461F8-CC0B-4CF7-BD16-4D7C35BE8E31}"
EndProject
Global
	GlobalSection(SolutionConfigurationPlatforms) = preSolution
		Debug|Any CPU = Debug|Any CPU
		Release|Any CPU = Release|Any CPU
	EndGlobalSection
	GlobalSection(ProjectConfigurationPlatforms) = postSolution
		{C33461F8-CC0B-4CF7-BD16-4D7C35BE8E31}.Debug|Any CPU.ActiveCfg = Debug|Any CPU
		{C33461F8-CC0B-4CF7-BD16-4D7C35BE8E31}.Debug|Any CPU.Build.0 = Debug|Any CPU
		{C33461F8-CC0B-4CF7-BD16-4D7C35BE8E31}.Release|Any CPU.ActiveCfg = Release|Any CPU
		{C33461F8-CC0B-4CF7-BD16-4D7C35BE8E31}.Release|Any CPU.Build.0 = Release|Any CPU
	EndGlobalSection
	GlobalSection(SolutionProperties) = preSolution
		HideSolutionNode = FALSE
	EndGlobalSection
	GlobalSection(ExtensibilityGlobals) = postSolution
		SolutionGuid = {6D7B9F50-0B5C-4B2E-8348-53DE3834FC61}
	EndGlobalSection
EndGlobal
