
Microsoft Visual Studio Solution File, Format Version 12.00
# Visual Studio Version 17
VisualStudioVersion = 17.3.32922.545
MinimumVisualStudioVersion = 10.0.40219.1
Project("{FAE04EC0-301F-11D3-BF4B-00C04F79EFBC}") = "bitconverter", "bitconverter\bitconverter.csproj", "{BE4952AD-28A1-46F0-90F6-64006E4E95EE}"
EndProject
Global
	GlobalSection(SolutionConfigurationPlatforms) = preSolution
		Debug|Any CPU = Debug|Any CPU
		Release|Any CPU = Release|Any CPU
	EndGlobalSection
	GlobalSection(ProjectConfigurationPlatforms) = postSolution
		{BE4952AD-28A1-46F0-90F6-64006E4E95EE}.Debug|Any CPU.ActiveCfg = Debug|Any CPU
		{BE4952AD-28A1-46F0-90F6-64006E4E95EE}.Debug|Any CPU.Build.0 = Debug|Any CPU
		{BE4952AD-28A1-46F0-90F6-64006E4E95EE}.Release|Any CPU.ActiveCfg = Release|Any CPU
		{BE4952AD-28A1-46F0-90F6-64006E4E95EE}.Release|Any CPU.Build.0 = Release|Any CPU
	EndGlobalSection
	GlobalSection(SolutionProperties) = preSolution
		HideSolutionNode = FALSE
	EndGlobalSection
	GlobalSection(ExtensibilityGlobals) = postSolution
		SolutionGuid = {B23A809A-6BDF-401F-BCFE-D1BFC522090B}
	EndGlobalSection
EndGlobal
