
Microsoft Visual Studio Solution File, Format Version 12.00
# Visual Studio Version 17
VisualStudioVersion = 17.3.32922.545
MinimumVisualStudioVersion = 10.0.40219.1
Project("{FAE04EC0-301F-11D3-BF4B-00C04F79EFBC}") = "sınıf2", "sınıf2\sınıf2.csproj", "{BB5BCFB7-53BF-4079-8D4A-128F48401E90}"
EndProject
Global
	GlobalSection(SolutionConfigurationPlatforms) = preSolution
		Debug|Any CPU = Debug|Any CPU
		Release|Any CPU = Release|Any CPU
	EndGlobalSection
	GlobalSection(ProjectConfigurationPlatforms) = postSolution
		{BB5BCFB7-53BF-4079-8D4A-128F48401E90}.Debug|Any CPU.ActiveCfg = Debug|Any CPU
		{BB5BCFB7-53BF-4079-8D4A-128F48401E90}.Debug|Any CPU.Build.0 = Debug|Any CPU
		{BB5BCFB7-53BF-4079-8D4A-128F48401E90}.Release|Any CPU.ActiveCfg = Release|Any CPU
		{BB5BCFB7-53BF-4079-8D4A-128F48401E90}.Release|Any CPU.Build.0 = Release|Any CPU
	EndGlobalSection
	GlobalSection(SolutionProperties) = preSolution
		HideSolutionNode = FALSE
	EndGlobalSection
	GlobalSection(ExtensibilityGlobals) = postSolution
		SolutionGuid = {418D3791-39C5-4085-8077-DFE531473191}
	EndGlobalSection
EndGlobal
