
Microsoft Visual Studio Solution File, Format Version 12.00
# Visual Studio Version 17
VisualStudioVersion = 17.3.32922.545
MinimumVisualStudioVersion = 10.0.40219.1
Project("{FAE04EC0-301F-11D3-BF4B-00C04F79EFBC}") = "sınıf3", "sınıf3\sınıf3.csproj", "{28E4D4C8-9826-48F4-BB19-B40A69797F98}"
EndProject
Global
	GlobalSection(SolutionConfigurationPlatforms) = preSolution
		Debug|Any CPU = Debug|Any CPU
		Release|Any CPU = Release|Any CPU
	EndGlobalSection
	GlobalSection(ProjectConfigurationPlatforms) = postSolution
		{28E4D4C8-9826-48F4-BB19-B40A69797F98}.Debug|Any CPU.ActiveCfg = Debug|Any CPU
		{28E4D4C8-9826-48F4-BB19-B40A69797F98}.Debug|Any CPU.Build.0 = Debug|Any CPU
		{28E4D4C8-9826-48F4-BB19-B40A69797F98}.Release|Any CPU.ActiveCfg = Release|Any CPU
		{28E4D4C8-9826-48F4-BB19-B40A69797F98}.Release|Any CPU.Build.0 = Release|Any CPU
	EndGlobalSection
	GlobalSection(SolutionProperties) = preSolution
		HideSolutionNode = FALSE
	EndGlobalSection
	GlobalSection(ExtensibilityGlobals) = postSolution
		SolutionGuid = {50950CD1-E37B-4021-8197-4FDD32F12977}
	EndGlobalSection
EndGlobal
