
Microsoft Visual Studio Solution File, Format Version 12.00
# Visual Studio Version 17
VisualStudioVersion = 17.3.32922.545
MinimumVisualStudioVersion = 10.0.40219.1
Project("{FAE04EC0-301F-11D3-BF4B-00C04F79EFBC}") = "yapılar", "yapılar\yapılar.csproj", "{4086554C-6482-4C8A-A8C8-C66B822807F3}"
EndProject
Global
	GlobalSection(SolutionConfigurationPlatforms) = preSolution
		Debug|Any CPU = Debug|Any CPU
		Release|Any CPU = Release|Any CPU
	EndGlobalSection
	GlobalSection(ProjectConfigurationPlatforms) = postSolution
		{4086554C-6482-4C8A-A8C8-C66B822807F3}.Debug|Any CPU.ActiveCfg = Debug|Any CPU
		{4086554C-6482-4C8A-A8C8-C66B822807F3}.Debug|Any CPU.Build.0 = Debug|Any CPU
		{4086554C-6482-4C8A-A8C8-C66B822807F3}.Release|Any CPU.ActiveCfg = Release|Any CPU
		{4086554C-6482-4C8A-A8C8-C66B822807F3}.Release|Any CPU.Build.0 = Release|Any CPU
	EndGlobalSection
	GlobalSection(SolutionProperties) = preSolution
		HideSolutionNode = FALSE
	EndGlobalSection
	GlobalSection(ExtensibilityGlobals) = postSolution
		SolutionGuid = {701EAB05-54FC-4A98-8D5F-4B87EADA5894}
	EndGlobalSection
EndGlobal
