
Microsoft Visual Studio Solution File, Format Version 12.00
# Visual Studio Version 17
VisualStudioVersion = 17.3.32922.545
MinimumVisualStudioVersion = 10.0.40219.1
Project("{FAE04EC0-301F-11D3-BF4B-00C04F79EFBC}") = "overloading2", "overloading2\overloading2.csproj", "{AD1B24C0-621A-4BFF-BF0C-1B5998E2EE60}"
EndProject
Global
	GlobalSection(SolutionConfigurationPlatforms) = preSolution
		Debug|Any CPU = Debug|Any CPU
		Release|Any CPU = Release|Any CPU
	EndGlobalSection
	GlobalSection(ProjectConfigurationPlatforms) = postSolution
		{AD1B24C0-621A-4BFF-BF0C-1B5998E2EE60}.Debug|Any CPU.ActiveCfg = Debug|Any CPU
		{AD1B24C0-621A-4BFF-BF0C-1B5998E2EE60}.Debug|Any CPU.Build.0 = Debug|Any CPU
		{AD1B24C0-621A-4BFF-BF0C-1B5998E2EE60}.Release|Any CPU.ActiveCfg = Release|Any CPU
		{AD1B24C0-621A-4BFF-BF0C-1B5998E2EE60}.Release|Any CPU.Build.0 = Release|Any CPU
	EndGlobalSection
	GlobalSection(SolutionProperties) = preSolution
		HideSolutionNode = FALSE
	EndGlobalSection
	GlobalSection(ExtensibilityGlobals) = postSolution
		SolutionGuid = {B76B247B-F1D1-4297-9BF1-D9480B863909}
	EndGlobalSection
EndGlobal
