
Microsoft Visual Studio Solution File, Format Version 12.00
# Visual Studio Version 17
VisualStudioVersion = 17.3.32922.545
MinimumVisualStudioVersion = 10.0.40219.1
Project("{FAE04EC0-301F-11D3-BF4B-00C04F79EFBC}") = "overloading1", "overloading1\overloading1.csproj", "{337C043C-2299-4C16-B63B-12F6837EB266}"
EndProject
Global
	GlobalSection(SolutionConfigurationPlatforms) = preSolution
		Debug|Any CPU = Debug|Any CPU
		Release|Any CPU = Release|Any CPU
	EndGlobalSection
	GlobalSection(ProjectConfigurationPlatforms) = postSolution
		{337C043C-2299-4C16-B63B-12F6837EB266}.Debug|Any CPU.ActiveCfg = Debug|Any CPU
		{337C043C-2299-4C16-B63B-12F6837EB266}.Debug|Any CPU.Build.0 = Debug|Any CPU
		{337C043C-2299-4C16-B63B-12F6837EB266}.Release|Any CPU.ActiveCfg = Release|Any CPU
		{337C043C-2299-4C16-B63B-12F6837EB266}.Release|Any CPU.Build.0 = Release|Any CPU
	EndGlobalSection
	GlobalSection(SolutionProperties) = preSolution
		HideSolutionNode = FALSE
	EndGlobalSection
	GlobalSection(ExtensibilityGlobals) = postSolution
		SolutionGuid = {0F938383-771C-4BF2-94F8-EC3BAC1D92A7}
	EndGlobalSection
EndGlobal
